
Microsoft Visual Studio Solution File, Format Version 12.00
# Visual Studio Version 16
VisualStudioVersion = 16.0.29709.97
MinimumVisualStudioVersion = 10.0.40219.1
Project("{9A19103F-16F7-4668-BE54-9A1E7A4F7556}") = "OurWebApp", "OurWebApp\OurWebApp.csproj", "{98B3A4D5-6336-436C-8058-F97E17782CCA}"
EndProject
Project("{2150E333-8FDC-42A3-9474-1A3956D46DE8}") = "Testing tools", "Testing tools", "{7487890D-2BC9-4934-BB1E-44448DB9499E}"
EndProject
Project("{FAE04EC0-301F-11D3-BF4B-00C04F79EFBC}") = "GenerateTestData", "GenerateTestData\GenerateTestData.csproj", "{66545266-1AEA-4AB8-8752-30498B462BF6}"
EndProject
Global
	GlobalSection(SolutionConfigurationPlatforms) = preSolution
		Debug|Any CPU = Debug|Any CPU
		Release|Any CPU = Release|Any CPU
	EndGlobalSection
	GlobalSection(ProjectConfigurationPlatforms) = postSolution
		{98B3A4D5-6336-436C-8058-F97E17782CCA}.Debug|Any CPU.ActiveCfg = Debug|Any CPU
		{98B3A4D5-6336-436C-8058-F97E17782CCA}.Debug|Any CPU.Build.0 = Debug|Any CPU
		{98B3A4D5-6336-436C-8058-F97E17782CCA}.Release|Any CPU.ActiveCfg = Release|Any CPU
		{98B3A4D5-6336-436C-8058-F97E17782CCA}.Release|Any CPU.Build.0 = Release|Any CPU
		{66545266-1AEA-4AB8-8752-30498B462BF6}.Debug|Any CPU.ActiveCfg = Debug|Any CPU
		{66545266-1AEA-4AB8-8752-30498B462BF6}.Debug|Any CPU.Build.0 = Debug|Any CPU
		{66545266-1AEA-4AB8-8752-30498B462BF6}.Release|Any CPU.ActiveCfg = Release|Any CPU
		{66545266-1AEA-4AB8-8752-30498B462BF6}.Release|Any CPU.Build.0 = Release|Any CPU
	EndGlobalSection
	GlobalSection(SolutionProperties) = preSolution
		HideSolutionNode = FALSE
	EndGlobalSection
	GlobalSection(NestedProjects) = preSolution
		{66545266-1AEA-4AB8-8752-30498B462BF6} = {7487890D-2BC9-4934-BB1E-44448DB9499E}
	EndGlobalSection
	GlobalSection(ExtensibilityGlobals) = postSolution
		SolutionGuid = {650C99D8-2321-4FA4-B4FF-F38526EFBC29}
	EndGlobalSection
EndGlobal
